// !$*UTF8*$!
{
	archiveVersion = 1;
	classes = {
	};
	objectVersion = 77;
	objects = {

/* Begin PBXBuildFile section */
		3B4F459A2F3FB16A00A4CD74 /* Citadel in Frameworks */ = {isa = PBXBuildFile; productRef = 3B4F45992F3FB16A00A4CD74 /* Citadel */; };
		AA000001AAAAAAAA00000001 /* MarkdownUI in Frameworks */ = {isa = PBXBuildFile; productRef = AA000002AAAAAAAA00000002 /* MarkdownUI */; };
/* End PBXBuildFile section */

/* Begin PBXContainerItemProxy section */
		3B4F44102F3E642600A4CD74 /* PBXContainerItemProxy */ = {
			isa = PBXContainerItemProxy;
			containerPortal = 3B4F43FA2F3E642500A4CD74 /* Project object */;
			proxyType = 1;
			remoteGlobalIDString = 3B4F44012F3E642500A4CD74;
			remoteInfo = OpenCodeClient;
		};
		3B4F441A2F3E642600A4CD74 /* PBXContainerItemProxy */ = {
			isa = PBXContainerItemProxy;
			containerPortal = 3B4F43FA2F3E642500A4CD74 /* Project object */;
			proxyType = 1;
			remoteGlobalIDString = 3B4F44012F3E642500A4CD74;
			remoteInfo = OpenCodeClient;
		};
/* End PBXContainerItemProxy section */

/* Begin PBXFileReference section */
		3B4F44022F3E642500A4CD74 /* OpenCodeClient.app */ = {isa = PBXFileReference; explicitFileType = wrapper.application; includeInIndex = 0; path = OpenCodeClient.app; sourceTree = BUILT_PRODUCTS_DIR; };
		3B4F440F2F3E642600A4CD74 /* OpenCodeClientTests.xctest */ = {isa = PBXFileReference; explicitFileType = wrapper.cfbundle; includeInIndex = 0; path = OpenCodeClientTests.xctest; sourceTree = BUILT_PRODUCTS_DIR; };
		3B4F44192F3E642600A4CD74 /* OpenCodeClientUITests.xctest */ = {isa = PBXFileReference; explicitFileType = wrapper.cfbundle; includeInIndex = 0; path = OpenCodeClientUITests.xctest; sourceTree = BUILT_PRODUCTS_DIR; };
/* End PBXFileReference section */

/* Begin PBXFileSystemSynchronizedRootGroup section */
		3B4F44042F3E642500A4CD74 /* OpenCodeClient */ = {
			isa = PBXFileSystemSynchronizedRootGroup;
			path = OpenCodeClient;
			sourceTree = "<group>";
		};
		3B4F44122F3E642600A4CD74 /* OpenCodeClientTests */ = {
			isa = PBXFileSystemSynchronizedRootGroup;
			path = OpenCodeClientTests;
			sourceTree = "<group>";
		};
		3B4F441C2F3E642600A4CD74 /* OpenCodeClientUITests */ = {
			isa = PBXFileSystemSynchronizedRootGroup;
			path = OpenCodeClientUITests;
			sourceTree = "<group>";
		};
/* End PBXFileSystemSynchronizedRootGroup section */

/* Begin PBXFrameworksBuildPhase section */
		3B4F43FF2F3E642500A4CD74 /* Frameworks */ = {
			isa = PBXFrameworksBuildPhase;
			buildActionMask = 2147483647;
			files = (
				AA000001AAAAAAAA00000001 /* MarkdownUI in Frameworks */,
				3B4F459A2F3FB16A00A4CD74 /* Citadel in Frameworks */,
			);
			runOnlyForDeploymentPostprocessing = 0;
		};
		3B4F440C2F3E642600A4CD74 /* Frameworks */ = {
			isa = PBXFrameworksBuildPhase;
			buildActionMask = 2147483647;
			files = (
			);
			runOnlyForDeploymentPostprocessing = 0;
		};
		3B4F44162F3E642600A4CD74 /* Frameworks */ = {
			isa = PBXFrameworksBuildPhase;
			buildActionMask = 2147483647;
			files = (
			);
			runOnlyForDeploymentPostprocessing = 0;
		};
/* End PBXFrameworksBuildPhase section */

/* Begin PBXGroup section */
		3B4F43F92F3E642500A4CD74 = {
			isa = PBXGroup;
			children = (
				3B4F44042F3E642500A4CD74 /* OpenCodeClient */,
				3B4F44122F3E642600A4CD74 /* OpenCodeClientTests */,
				3B4F441C2F3E642600A4CD74 /* OpenCodeClientUITests */,
				3B4F44032F3E642500A4CD74 /* Products */,
			);
			sourceTree = "<group>";
		};
		3B4F44032F3E642500A4CD74 /* Products */ = {
			isa = PBXGroup;
			children = (
				3B4F44022F3E642500A4CD74 /* OpenCodeClient.app */,
				3B4F440F2F3E642600A4CD74 /* OpenCodeClientTests.xctest */,
				3B4F44192F3E642600A4CD74 /* OpenCodeClientUITests.xctest */,
			);
			name = Products;
			sourceTree = "<group>";
		};
/* End PBXGroup section */

/* Begin PBXNativeTarget section */
		3B4F44012F3E642500A4CD74 /* OpenCodeClient */ = {
			isa = PBXNativeTarget;
			buildConfigurationList = 3B4F44232F3E642600A4CD74 /* Build configuration list for PBXNativeTarget "OpenCodeClient" */;
			buildPhases = (
				3B4F43FE2F3E642500A4CD74 /* Sources */,
				3B4F43FF2F3E642500A4CD74 /* Frameworks */,
				3B4F44002F3E642500A4CD74 /* Resources */,
			);
			buildRules = (
			);
			dependencies = (
			);
			fileSystemSynchronizedGroups = (
				3B4F44042F3E642500A4CD74 /* OpenCodeClient */,
			);
			name = OpenCodeClient;
			packageProductDependencies = (
				AA000002AAAAAAAA00000002 /* MarkdownUI */,
				3B4F45992F3FB16A00A4CD74 /* Citadel */,
			);
			productName = OpenCodeClient;
			productReference = 3B4F44022F3E642500A4CD74 /* OpenCodeClient.app */;
			productType = "com.apple.product-type.application";
		};
		3B4F440E2F3E642600A4CD74 /* OpenCodeClientTests */ = {
			isa = PBXNativeTarget;
			buildConfigurationList = 3B4F44262F3E642600A4CD74 /* Build configuration list for PBXNativeTarget "OpenCodeClientTests" */;
			buildPhases = (
				3B4F440B2F3E642600A4CD74 /* Sources */,
				3B4F440C2F3E642600A4CD74 /* Frameworks */,
				3B4F440D2F3E642600A4CD74 /* Resources */,
			);
			buildRules = (
			);
			dependencies = (
				3B4F44112F3E642600A4CD74 /* PBXTargetDependency */,
			);
			fileSystemSynchronizedGroups = (
				3B4F44122F3E642600A4CD74 /* OpenCodeClientTests */,
			);
			name = OpenCodeClientTests;
			packageProductDependencies = (
			);
			productName = OpenCodeClientTests;
			productReference = 3B4F440F2F3E642600A4CD74 /* OpenCodeClientTests.xctest */;
			productType = "com.apple.product-type.bundle.unit-test";
		};
		3B4F44182F3E642600A4CD74 /* OpenCodeClientUITests */ = {
			isa = PBXNativeTarget;
			buildConfigurationList = 3B4F44292F3E642600A4CD74 /* Build configuration list for PBXNativeTarget "OpenCodeClientUITests" */;
			buildPhases = (
				3B4F44152F3E642600A4CD74 /* Sources */,
				3B4F44162F3E642600A4CD74 /* Frameworks */,
				3B4F44172F3E642600A4CD74 /* Resources */,
			);
			buildRules = (
			);
			dependencies = (
				3B4F441B2F3E642600A4CD74 /* PBXTargetDependency */,
			);
			fileSystemSynchronizedGroups = (
				3B4F441C2F3E642600A4CD74 /* OpenCodeClientUITests */,
			);
			name = OpenCodeClientUITests;
			packageProductDependencies = (
			);
			productName = OpenCodeClientUITests;
			productReference = 3B4F44192F3E642600A4CD74 /* OpenCodeClientUITests.xctest */;
			productType = "com.apple.product-type.bundle.ui-testing";
		};
/* End PBXNativeTarget section */

/* Begin PBXProject section */
		3B4F43FA2F3E642500A4CD74 /* Project object */ = {
			isa = PBXProject;
			attributes = {
				BuildIndependentTargetsInParallel = 1;
				LastSwiftUpdateCheck = 2610;
				LastUpgradeCheck = 2610;
				TargetAttributes = {
					3B4F44012F3E642500A4CD74 = {
						CreatedOnToolsVersion = 26.1;
					};
					3B4F440E2F3E642600A4CD74 = {
						CreatedOnToolsVersion = 26.1;
						TestTargetID = 3B4F44012F3E642500A4CD74;
					};
					3B4F44182F3E642600A4CD74 = {
						CreatedOnToolsVersion = 26.1;
						TestTargetID = 3B4F44012F3E642500A4CD74;
					};
				};
			};
			buildConfigurationList = 3B4F43FD2F3E642500A4CD74 /* Build configuration list for PBXProject "OpenCodeClient" */;
			developmentRegion = en;
			hasScannedForEncodings = 0;
			knownRegions = (
				en,
				Base,
			);
			mainGroup = 3B4F43F92F3E642500A4CD74;
			minimizedProjectReferenceProxies = 1;
			packageReferences = (
				AA000003AAAAAAAA00000003 /* XCRemoteSwiftPackageReference "swift-markdown-ui" */,
				3B4F45982F3FB16A00A4CD74 /* XCRemoteSwiftPackageReference "Citadel" */,
			);
			preferredProjectObjectVersion = 77;
			productRefGroup = 3B4F44032F3E642500A4CD74 /* Products */;
			projectDirPath = "";
			projectRoot = "";
			targets = (
				3B4F44012F3E642500A4CD74 /* OpenCodeClient */,
				3B4F440E2F3E642600A4CD74 /* OpenCodeClientTests */,
				3B4F44182F3E642600A4CD74 /* OpenCodeClientUITests */,
			);
		};
/* End PBXProject section */

/* Begin PBXResourcesBuildPhase section */
		3B4F44002F3E642500A4CD74 /* Resources */ = {
			isa = PBXResourcesBuildPhase;
			buildActionMask = 2147483647;
			files = (
			);
			runOnlyForDeploymentPostprocessing = 0;
		};
		3B4F440D2F3E642600A4CD74 /* Resources */ = {
			isa = PBXResourcesBuildPhase;
			buildActionMask = 2147483647;
			files = (
			);
			runOnlyForDeploymentPostprocessing = 0;
		};
		3B4F44172F3E642600A4CD74 /* Resources */ = {
			isa = PBXResourcesBuildPhase;
			buildActionMask = 2147483647;
			files = (
			);
			runOnlyForDeploymentPostprocessing = 0;
		};
/* End PBXResourcesBuildPhase section */

/* Begin PBXSourcesBuildPhase section */
		3B4F43FE2F3E642500A4CD74 /* Sources */ = {
			isa = PBXSourcesBuildPhase;
			buildActionMask = 2147483647;
			files = (
			);
			runOnlyForDeploymentPostprocessing = 0;
		};
		3B4F440B2F3E642600A4CD74 /* Sources */ = {
			isa = PBXSourcesBuildPhase;
			buildActionMask = 2147483647;
			files = (
			);
			runOnlyForDeploymentPostprocessing = 0;
		};
		3B4F44152F3E642600A4CD74 /* Sources */ = {
			isa = PBXSourcesBuildPhase;
			buildActionMask = 2147483647;
			files = (
			);
			runOnlyForDeploymentPostprocessing = 0;
		};
/* End PBXSourcesBuildPhase section */

/* Begin PBXTargetDependency section */
		3B4F44112F3E642600A4CD74 /* PBXTargetDependency */ = {
			isa = PBXTargetDependency;
			target = 3B4F44012F3E642500A4CD74 /* OpenCodeClient */;
			targetProxy = 3B4F44102F3E642600A4CD74 /* PBXContainerItemProxy */;
		};
		3B4F441B2F3E642600A4CD74 /* PBXTargetDependency */ = {
			isa = PBXTargetDependency;
			target = 3B4F44012F3E642500A4CD74 /* OpenCodeClient */;
			targetProxy = 3B4F441A2F3E642600A4CD74 /* PBXContainerItemProxy */;
		};
/* End PBXTargetDependency section */

/* Begin XCBuildConfiguration section */
		3B4F44212F3E642600A4CD74 /* Debug */ = {
			isa = XCBuildConfiguration;
			buildSettings = {
				ALWAYS_SEARCH_USER_PATHS = NO;
				ASSETCATALOG_COMPILER_GENERATE_SWIFT_ASSET_SYMBOL_EXTENSIONS = YES;
				CLANG_ANALYZER_NONNULL = YES;
				CLANG_ANALYZER_NUMBER_OBJECT_CONVERSION = YES_AGGRESSIVE;
				CLANG_CXX_LANGUAGE_STANDARD = "gnu++20";
				CLANG_ENABLE_MODULES = YES;
				CLANG_ENABLE_OBJC_ARC = YES;
				CLANG_ENABLE_OBJC_WEAK = YES;
				CLANG_WARN_BLOCK_CAPTURE_AUTORELEASING = YES;
				CLANG_WARN_BOOL_CONVERSION = YES;
				CLANG_WARN_COMMA = YES;
				CLANG_WARN_CONSTANT_CONVERSION = YES;
				CLANG_WARN_DEPRECATED_OBJC_IMPLEMENTATIONS = YES;
				CLANG_WARN_DIRECT_OBJC_ISA_USAGE = YES_ERROR;
				CLANG_WARN_DOCUMENTATION_COMMENTS = YES;
				CLANG_WARN_EMPTY_BODY = YES;
				CLANG_WARN_ENUM_CONVERSION = YES;
				CLANG_WARN_INFINITE_RECURSION = YES;
				CLANG_WARN_INT_CONVERSION = YES;
				CLANG_WARN_NON_LITERAL_NULL_CONVERSION = YES;
				CLANG_WARN_OBJC_IMPLICIT_RETAIN_SELF = YES;
				CLANG_WARN_OBJC_LITERAL_CONVERSION = YES;
				CLANG_WARN_OBJC_ROOT_CLASS = YES_ERROR;
				CLANG_WARN_QUOTED_INCLUDE_IN_FRAMEWORK_HEADER = YES;
				CLANG_WARN_RANGE_LOOP_ANALYSIS = YES;
				CLANG_WARN_STRICT_PROTOTYPES = YES;
				CLANG_WARN_SUSPICIOUS_MOVE = YES;
				CLANG_WARN_UNGUARDED_AVAILABILITY = YES_AGGRESSIVE;
				CLANG_WARN_UNREACHABLE_CODE = YES;
				CLANG_WARN__DUPLICATE_METHOD_MATCH = YES;
				COPY_PHASE_STRIP = NO;
				DEBUG_INFORMATION_FORMAT = dwarf;
				DEVELOPMENT_TEAM = Y2T99LVU9E;
				ENABLE_STRICT_OBJC_MSGSEND = YES;
				ENABLE_TESTABILITY = YES;
				ENABLE_USER_SCRIPT_SANDBOXING = YES;
				GCC_C_LANGUAGE_STANDARD = gnu17;
				GCC_DYNAMIC_NO_PIC = NO;
				GCC_NO_COMMON_BLOCKS = YES;
				GCC_OPTIMIZATION_LEVEL = 0;
				GCC_PREPROCESSOR_DEFINITIONS = (
					"DEBUG=1",
					"$(inherited)",
				);
				GCC_WARN_64_TO_32_BIT_CONVERSION = YES;
				GCC_WARN_ABOUT_RETURN_TYPE = YES_ERROR;
				GCC_WARN_UNDECLARED_SELECTOR = YES;
				GCC_WARN_UNINITIALIZED_AUTOS = YES_AGGRESSIVE;
				GCC_WARN_UNUSED_FUNCTION = YES;
				GCC_WARN_UNUSED_VARIABLE = YES;
				IPHONEOS_DEPLOYMENT_TARGET = 17.6;
				LOCALIZATION_PREFERS_STRING_CATALOGS = YES;
				MTL_ENABLE_DEBUG_INFO = INCLUDE_SOURCE;
				MTL_FAST_MATH = YES;
				ONLY_ACTIVE_ARCH = YES;
				SDKROOT = iphoneos;
				SWIFT_ACTIVE_COMPILATION_CONDITIONS = "DEBUG $(inherited)";
				SWIFT_OPTIMIZATION_LEVEL = "-Onone";
			};
			name = Debug;
		};
		3B4F44222F3E642600A4CD74 /* Release */ = {
			isa = XCBuildConfiguration;
			buildSettings = {
				ALWAYS_SEARCH_USER_PATHS = NO;
				ASSETCATALOG_COMPILER_GENERATE_SWIFT_ASSET_SYMBOL_EXTENSIONS = YES;
				CLANG_ANALYZER_NONNULL = YES;
				CLANG_ANALYZER_NUMBER_OBJECT_CONVERSION = YES_AGGRESSIVE;
				CLANG_CXX_LANGUAGE_STANDARD = "gnu++20";
				CLANG_ENABLE_MODULES = YES;
				CLANG_ENABLE_OBJC_ARC = YES;
				CLANG_ENABLE_OBJC_WEAK = YES;
				CLANG_WARN_BLOCK_CAPTURE_AUTORELEASING = YES;
				CLANG_WARN_BOOL_CONVERSION = YES;
				CLANG_WARN_COMMA = YES;
				CLANG_WARN_CONSTANT_CONVERSION = YES;
				CLANG_WARN_DEPRECATED_OBJC_IMPLEMENTATIONS = YES;
				CLANG_WARN_DIRECT_OBJC_ISA_USAGE = YES_ERROR;
				CLANG_WARN_DOCUMENTATION_COMMENTS = YES;
				CLANG_WARN_EMPTY_BODY = YES;
				CLANG_WARN_ENUM_CONVERSION = YES;
				CLANG_WARN_INFINITE_RECURSION = YES;
				CLANG_WARN_INT_CONVERSION = YES;
				CLANG_WARN_NON_LITERAL_NULL_CONVERSION = YES;
				CLANG_WARN_OBJC_IMPLICIT_RETAIN_SELF = YES;
				CLANG_WARN_OBJC_LITERAL_CONVERSION = YES;
				CLANG_WARN_OBJC_ROOT_CLASS = YES_ERROR;
				CLANG_WARN_QUOTED_INCLUDE_IN_FRAMEWORK_HEADER = YES;
				CLANG_WARN_RANGE_LOOP_ANALYSIS = YES;
				CLANG_WARN_STRICT_PROTOTYPES = YES;
				CLANG_WARN_SUSPICIOUS_MOVE = YES;
				CLANG_WARN_UNGUARDED_AVAILABILITY = YES_AGGRESSIVE;
				CLANG_WARN_UNREACHABLE_CODE = YES;
				CLANG_WARN__DUPLICATE_METHOD_MATCH = YES;
				COPY_PHASE_STRIP = NO;
				DEBUG_INFORMATION_FORMAT = "dwarf-with-dsym";
				DEVELOPMENT_TEAM = Y2T99LVU9E;
				ENABLE_NS_ASSERTIONS = NO;
				ENABLE_STRICT_OBJC_MSGSEND = YES;
				ENABLE_USER_SCRIPT_SANDBOXING = YES;
				GCC_C_LANGUAGE_STANDARD = gnu17;
				GCC_NO_COMMON_BLOCKS = YES;
				GCC_WARN_64_TO_32_BIT_CONVERSION = YES;
				GCC_WARN_ABOUT_RETURN_TYPE = YES_ERROR;
				GCC_WARN_UNDECLARED_SELECTOR = YES;
				GCC_WARN_UNINITIALIZED_AUTOS = YES_AGGRESSIVE;
				GCC_WARN_UNUSED_FUNCTION = YES;
				GCC_WARN_UNUSED_VARIABLE = YES;
				IPHONEOS_DEPLOYMENT_TARGET = 17.6;
				LOCALIZATION_PREFERS_STRING_CATALOGS = YES;
				MTL_ENABLE_DEBUG_INFO = NO;
				MTL_FAST_MATH = YES;
				SDKROOT = iphoneos;
				SWIFT_COMPILATION_MODE = wholemodule;
				VALIDATE_PRODUCT = YES;
			};
			name = Release;
		};
		3B4F44242F3E642600A4CD74 /* Debug */ = {
			isa = XCBuildConfiguration;
			buildSettings = {
				ASSETCATALOG_COMPILER_APPICON_NAME = AppIcon;
				ASSETCATALOG_COMPILER_GLOBAL_ACCENT_COLOR_NAME = AccentColor;
				CODE_SIGN_STYLE = Automatic;
				CURRENT_PROJECT_VERSION = 1;
				DEVELOPMENT_TEAM = 2T5DG4GZBN;
				ENABLE_PREVIEWS = YES;
				GENERATE_INFOPLIST_FILE = YES;
				INFOPLIST_FILE = Info.plist;
				INFOPLIST_KEY_UIApplicationSceneManifest_Generation = YES;
				INFOPLIST_KEY_UIApplicationSupportsIndirectInputEvents = YES;
				INFOPLIST_KEY_UILaunchScreen_Generation = YES;
				INFOPLIST_KEY_UISupportedInterfaceOrientations_iPad = "UIInterfaceOrientationPortrait UIInterfaceOrientationPortraitUpsideDown UIInterfaceOrientationLandscapeLeft UIInterfaceOrientationLandscapeRight";
				INFOPLIST_KEY_UISupportedInterfaceOrientations_iPhone = "UIInterfaceOrientationPortrait UIInterfaceOrientationLandscapeLeft UIInterfaceOrientationLandscapeRight";
				IPHONEOS_DEPLOYMENT_TARGET = 17.6;
				LD_RUNPATH_SEARCH_PATHS = (
					"$(inherited)",
					"@executable_path/Frameworks",
				);
				MARKETING_VERSION = 1.0;
				PRODUCT_BUNDLE_IDENTIFIER = com.yage.OpenCodeClient;
				PRODUCT_NAME = "$(TARGET_NAME)";
				STRING_CATALOG_GENERATE_SYMBOLS = YES;
				SWIFT_APPROACHABLE_CONCURRENCY = YES;
				SWIFT_DEFAULT_ACTOR_ISOLATION = MainActor;
				SWIFT_EMIT_LOC_STRINGS = YES;
				SWIFT_UPCOMING_FEATURE_MEMBER_IMPORT_VISIBILITY = YES;
				SWIFT_VERSION = 5.0;
				TARGETED_DEVICE_FAMILY = "1,2";
			};
			name = Debug;
		};
		3B4F44252F3E642600A4CD74 /* Release */ = {
			isa = XCBuildConfiguration;
			buildSettings = {
				ASSETCATALOG_COMPILER_APPICON_NAME = AppIcon;
				ASSETCATALOG_COMPILER_GLOBAL_ACCENT_COLOR_NAME = AccentColor;
				CODE_SIGN_STYLE = Automatic;
				CURRENT_PROJECT_VERSION = 1;
				DEVELOPMENT_TEAM = 2T5DG4GZBN;
				ENABLE_PREVIEWS = YES;
				GENERATE_INFOPLIST_FILE = YES;
				INFOPLIST_FILE = Info.plist;
				INFOPLIST_KEY_UIApplicationSceneManifest_Generation = YES;
				INFOPLIST_KEY_UIApplicationSupportsIndirectInputEvents = YES;
				INFOPLIST_KEY_UILaunchScreen_Generation = YES;
				INFOPLIST_KEY_UISupportedInterfaceOrientations_iPad = "UIInterfaceOrientationPortrait UIInterfaceOrientationPortraitUpsideDown UIInterfaceOrientationLandscapeLeft UIInterfaceOrientationLandscapeRight";
				INFOPLIST_KEY_UISupportedInterfaceOrientations_iPhone = "UIInterfaceOrientationPortrait UIInterfaceOrientationLandscapeLeft UIInterfaceOrientationLandscapeRight";
				IPHONEOS_DEPLOYMENT_TARGET = 17.6;
				LD_RUNPATH_SEARCH_PATHS = (
					"$(inherited)",
					"@executable_path/Frameworks",
				);
				MARKETING_VERSION = 1.0;
				PRODUCT_BUNDLE_IDENTIFIER = com.yage.OpenCodeClient;
				PRODUCT_NAME = "$(TARGET_NAME)";
				STRING_CATALOG_GENERATE_SYMBOLS = YES;
				SWIFT_APPROACHABLE_CONCURRENCY = YES;
				SWIFT_DEFAULT_ACTOR_ISOLATION = MainActor;
				SWIFT_EMIT_LOC_STRINGS = YES;
				SWIFT_UPCOMING_FEATURE_MEMBER_IMPORT_VISIBILITY = YES;
				SWIFT_VERSION = 5.0;
				TARGETED_DEVICE_FAMILY = "1,2";
			};
			name = Release;
		};
		3B4F44272F3E642600A4CD74 /* Debug */ = {
			isa = XCBuildConfiguration;
			buildSettings = {
				BUNDLE_LOADER = "$(TEST_HOST)";
				CODE_SIGN_STYLE = Automatic;
				CURRENT_PROJECT_VERSION = 1;
				DEVELOPMENT_TEAM = Y2T99LVU9E;
				GENERATE_INFOPLIST_FILE = YES;
				IPHONEOS_DEPLOYMENT_TARGET = 17.6;
				MARKETING_VERSION = 1.0;
				PRODUCT_BUNDLE_IDENTIFIER = com.yage.OpenCodeClientTests;
				PRODUCT_NAME = "$(TARGET_NAME)";
				STRING_CATALOG_GENERATE_SYMBOLS = NO;
				SWIFT_APPROACHABLE_CONCURRENCY = YES;
				SWIFT_EMIT_LOC_STRINGS = NO;
				SWIFT_UPCOMING_FEATURE_MEMBER_IMPORT_VISIBILITY = YES;
				SWIFT_VERSION = 5.0;
				TARGETED_DEVICE_FAMILY = "1,2";
				TEST_HOST = "$(BUILT_PRODUCTS_DIR)/OpenCodeClient.app/$(BUNDLE_EXECUTABLE_FOLDER_PATH)/OpenCodeClient";
			};
			name = Debug;
		};
		3B4F44282F3E642600A4CD74 /* Release */ = {
			isa = XCBuildConfiguration;
			buildSettings = {
				BUNDLE_LOADER = "$(TEST_HOST)";
				CODE_SIGN_STYLE = Automatic;
				CURRENT_PROJECT_VERSION = 1;
				DEVELOPMENT_TEAM = Y2T99LVU9E;
				GENERATE_INFOPLIST_FILE = YES;
				IPHONEOS_DEPLOYMENT_TARGET = 17.6;
				MARKETING_VERSION = 1.0;
				PRODUCT_BUNDLE_IDENTIFIER = com.yage.OpenCodeClientTests;
				PRODUCT_NAME = "$(TARGET_NAME)";
				STRING_CATALOG_GENERATE_SYMBOLS = NO;
				SWIFT_APPROACHABLE_CONCURRENCY = YES;
				SWIFT_EMIT_LOC_STRINGS = NO;
				SWIFT_UPCOMING_FEATURE_MEMBER_IMPORT_VISIBILITY = YES;
				SWIFT_VERSION = 5.0;
				TARGETED_DEVICE_FAMILY = "1,2";
				TEST_HOST = "$(BUILT_PRODUCTS_DIR)/OpenCodeClient.app/$(BUNDLE_EXECUTABLE_FOLDER_PATH)/OpenCodeClient";
			};
			name = Release;
		};
		3B4F442A2F3E642600A4CD74 /* Debug */ = {
			isa = XCBuildConfiguration;
			buildSettings = {
				CODE_SIGN_STYLE = Automatic;
				CURRENT_PROJECT_VERSION = 1;
				DEVELOPMENT_TEAM = Y2T99LVU9E;
				GENERATE_INFOPLIST_FILE = YES;
				MARKETING_VERSION = 1.0;
				PRODUCT_BUNDLE_IDENTIFIER = com.yage.OpenCodeClientUITests;
				PRODUCT_NAME = "$(TARGET_NAME)";
				STRING_CATALOG_GENERATE_SYMBOLS = NO;
				SWIFT_APPROACHABLE_CONCURRENCY = YES;
				SWIFT_EMIT_LOC_STRINGS = NO;
				SWIFT_UPCOMING_FEATURE_MEMBER_IMPORT_VISIBILITY = YES;
				SWIFT_VERSION = 5.0;
				TARGETED_DEVICE_FAMILY = "1,2";
				TEST_TARGET_NAME = OpenCodeClient;
			};
			name = Debug;
		};
		3B4F442B2F3E642600A4CD74 /* Release */ = {
			isa = XCBuildConfiguration;
			buildSettings = {
				CODE_SIGN_STYLE = Automatic;
				CURRENT_PROJECT_VERSION = 1;
				DEVELOPMENT_TEAM = Y2T99LVU9E;
				GENERATE_INFOPLIST_FILE = YES;
				MARKETING_VERSION = 1.0;
				PRODUCT_BUNDLE_IDENTIFIER = com.yage.OpenCodeClientUITests;
				PRODUCT_NAME = "$(TARGET_NAME)";
				STRING_CATALOG_GENERATE_SYMBOLS = NO;
				SWIFT_APPROACHABLE_CONCURRENCY = YES;
				SWIFT_EMIT_LOC_STRINGS = NO;
				SWIFT_UPCOMING_FEATURE_MEMBER_IMPORT_VISIBILITY = YES;
				SWIFT_VERSION = 5.0;
				TARGETED_DEVICE_FAMILY = "1,2";
				TEST_TARGET_NAME = OpenCodeClient;
			};
			name = Release;
		};
/* End XCBuildConfiguration section */

/* Begin XCConfigurationList section */
		3B4F43FD2F3E642500A4CD74 /* Build configuration list for PBXProject "OpenCodeClient" */ = {
			isa = XCConfigurationList;
			buildConfigurations = (
				3B4F44212F3E642600A4CD74 /* Debug */,
				3B4F44222F3E642600A4CD74 /* Release */,
			);
			defaultConfigurationIsVisible = 0;
			defaultConfigurationName = Release;
		};
		3B4F44232F3E642600A4CD74 /* Build configuration list for PBXNativeTarget "OpenCodeClient" */ = {
			isa = XCConfigurationList;
			buildConfigurations = (
				3B4F44242F3E642600A4CD74 /* Debug */,
				3B4F44252F3E642600A4CD74 /* Release */,
			);
			defaultConfigurationIsVisible = 0;
			defaultConfigurationName = Release;
		};
		3B4F44262F3E642600A4CD74 /* Build configuration list for PBXNativeTarget "OpenCodeClientTests" */ = {
			isa = XCConfigurationList;
			buildConfigurations = (
				3B4F44272F3E642600A4CD74 /* Debug */,
				3B4F44282F3E642600A4CD74 /* Release */,
			);
			defaultConfigurationIsVisible = 0;
			defaultConfigurationName = Release;
		};
		3B4F44292F3E642600A4CD74 /* Build configuration list for PBXNativeTarget "OpenCodeClientUITests" */ = {
			isa = XCConfigurationList;
			buildConfigurations = (
				3B4F442A2F3E642600A4CD74 /* Debug */,
				3B4F442B2F3E642600A4CD74 /* Release */,
			);
			defaultConfigurationIsVisible = 0;
			defaultConfigurationName = Release;
		};
/* End XCConfigurationList section */

/* Begin XCRemoteSwiftPackageReference section */
		3B4F45982F3FB16A00A4CD74 /* XCRemoteSwiftPackageReference "Citadel" */ = {
			isa = XCRemoteSwiftPackageReference;
			repositoryURL = "https://github.com/orlandos-nl/Citadel";
			requirement = {
				kind = upToNextMajorVersion;
				minimumVersion = 0.12.0;
			};
		};
		AA000003AAAAAAAA00000003 /* XCRemoteSwiftPackageReference "swift-markdown-ui" */ = {
			isa = XCRemoteSwiftPackageReference;
			repositoryURL = "https://github.com/gonzalezreal/swift-markdown-ui";
			requirement = {
				kind = upToNextMajorVersion;
				minimumVersion = 2.4.1;
			};
		};
/* End XCRemoteSwiftPackageReference section */

/* Begin XCSwiftPackageProductDependency section */
		3B4F45992F3FB16A00A4CD74 /* Citadel */ = {
			isa = XCSwiftPackageProductDependency;
			package = 3B4F45982F3FB16A00A4CD74 /* XCRemoteSwiftPackageReference "Citadel" */;
			productName = Citadel;
		};
		AA000002AAAAAAAA00000002 /* MarkdownUI */ = {
			isa = XCSwiftPackageProductDependency;
			package = AA000003AAAAAAAA00000003 /* XCRemoteSwiftPackageReference "swift-markdown-ui" */;
			productName = MarkdownUI;
		};
/* End XCSwiftPackageProductDependency section */
	};
	rootObject = 3B4F43FA2F3E642500A4CD74 /* Project object */;
}
